
Microsoft Visual Studio Solution File, Format Version 12.00
# Visual Studio Version 16
VisualStudioVersion = 16.0.31911.196
MinimumVisualStudioVersion = 10.0.40219.1
Project("{FAE04EC0-301F-11D3-BF4B-00C04F79EFBC}") = "Anomaly_Detection_Hub", "Anomaly_Detection_Hub\Anomaly_Detection_Hub.csproj", "{0B2D58E4-EF7A-47B5-A1D3-F872E3EBC0AF}"
EndProject
Global
	GlobalSection(SolutionConfigurationPlatforms) = preSolution
		Debug|Any CPU = Debug|Any CPU
		Release|Any CPU = Release|Any CPU
	EndGlobalSection
	GlobalSection(ProjectConfigurationPlatforms) = postSolution
		{0B2D58E4-EF7A-47B5-A1D3-F872E3EBC0AF}.Debug|Any CPU.ActiveCfg = Debug|Any CPU
		{0B2D58E4-EF7A-47B5-A1D3-F872E3EBC0AF}.Debug|Any CPU.Build.0 = Debug|Any CPU
		{0B2D58E4-EF7A-47B5-A1D3-F872E3EBC0AF}.Release|Any CPU.ActiveCfg = Release|Any CPU
		{0B2D58E4-EF7A-47B5-A1D3-F872E3EBC0AF}.Release|Any CPU.Build.0 = Release|Any CPU
	EndGlobalSection
	GlobalSection(SolutionProperties) = preSolution
		HideSolutionNode = FALSE
	EndGlobalSection
	GlobalSection(ExtensibilityGlobals) = postSolution
		SolutionGuid = {F432E1A2-E9ED-4292-8F43-CFF89788D9DA}
	EndGlobalSection
EndGlobal
